
Microsoft Visual Studio Solution File, Format Version 12.00
# Visual Studio 15
VisualStudioVersion = 15.0.26730.16
MinimumVisualStudioVersion = 10.0.40219.1
Project("{FAE04EC0-301F-11D3-BF4B-00C04F79EFBC}") = "RunAndGun", "RunAndGun.csproj", "{17D24D46-B075-4984-99AF-215DD74A04F9}"
EndProject
Global
	GlobalSection(SolutionConfigurationPlatforms) = preSolution
		Debug|Any CPU = Debug|Any CPU
		Release|Any CPU = Release|Any CPU
	EndGlobalSection
	GlobalSection(ProjectConfigurationPlatforms) = postSolution
		{17D24D46-B075-4984-99AF-215DD74A04F9}.Debug|Any CPU.ActiveCfg = Debug|Any CPU
		{17D24D46-B075-4984-99AF-215DD74A04F9}.Debug|Any CPU.Build.0 = Debug|Any CPU
		{17D24D46-B075-4984-99AF-215DD74A04F9}.Release|Any CPU.ActiveCfg = Release|Any CPU
		{17D24D46-B075-4984-99AF-215DD74A04F9}.Release|Any CPU.Build.0 = Release|Any CPU
	EndGlobalSection
	GlobalSection(SolutionProperties) = preSolution
		HideSolutionNode = FALSE
	EndGlobalSection
	GlobalSection(ExtensibilityGlobals) = postSolution
		SolutionGuid = {3E1E184F-341A-4728-A3F9-B36C0163A244}
	EndGlobalSection
EndGlobal
